{
  "requires": true,
  "lockfileVersion": 1,
  "dependencies": {
    "asn1": {
      "version": "0.2.4",
      "resolved": "https://registry.npmjs.org/asn1/-/asn1-0.2.4.tgz",
      "integrity": "sha512-jxwzQpLQjSmWXgwaCZE9Nz+glAG01yF1QnWgbhGwHI5A6FRIEY6IVqtHhIepHqI7/kyEyQEagBC5mBEFlIYvdg==",
      "requires": {
        "safer-buffer": "~2.1.0"
      }
    },
    "bcrypt-pbkdf": {
      "version": "1.0.2",
      "resolved": "https://registry.npmjs.org/bcrypt-pbkdf/-/bcrypt-pbkdf-1.0.2.tgz",
      "integrity": "sha1-pDAdOJtqQ/m2f/PKEaP2Y342Dp4=",
      "requires": {
        "tweetnacl": "^0.14.3"
      }
    },
    "buffer-from": {
      "version": "1.1.1",
      "resolved": "https://registry.npmjs.org/buffer-from/-/buffer-from-1.1.1.tgz",
      "integrity": "sha512-MQcXEUbCKtEo7bhqEs6560Hyd4XaovZlO/k9V3hjVUF/zwW7KBVdSK4gIt/bzwS9MbR5qob+F5jusZsb0YQK2A=="
    },
    "concat-stream": {
      "version": "2.0.0",
      "resolved": "https://registry.npmjs.org/concat-stream/-/concat-stream-2.0.0.tgz",
      "integrity": "sha512-MWufYdFw53ccGjCA+Ol7XJYpAlW6/prSMzuPOTRnJGcGzuhLn4Scrz7qf6o8bROZ514ltazcIFJZevcfbo0x7A==",
      "requires": {
        "buffer-from": "^1.0.0",
        "inherits": "^2.0.3",
        "readable-stream": "^3.0.2",
        "typedarray": "^0.0.6"
      }
    },
    "inherits": {
      "version": "2.0.3",
      "resolved": "https://registry.npmjs.org/inherits/-/inherits-2.0.3.tgz",
      "integrity": "sha1-Yzwsg+PaQqUC9SRmAiSA9CCCYd4="
    },
    "readable-stream": {
      "version": "3.3.0",
      "resolved": "https://registry.npmjs.org/readable-stream/-/readable-stream-3.3.0.tgz",
      "integrity": "sha512-EsI+s3k3XsW+fU8fQACLN59ky34AZ14LoeVZpYwmZvldCFo0r0gnelwF2TcMjLor/BTL5aDJVBMkss0dthToPw==",
      "requires": {
        "inherits": "^2.0.3",
        "string_decoder": "^1.1.1",
        "util-deprecate": "^1.0.1"
      }
    },
    "safe-buffer": {
      "version": "5.1.2",
      "resolved": "https://registry.npmjs.org/safe-buffer/-/safe-buffer-5.1.2.tgz",
      "integrity": "sha512-Gd2UZBJDkXlY7GbJxfsE8/nvKkUEU1G38c1siN6QP6a9PT9MmHB8GnpscSmMJSoF8LOIrt8ud/wPtojys4G6+g=="
    },
    "safer-buffer": {
      "version": "2.1.2",
      "resolved": "https://registry.npmjs.org/safer-buffer/-/safer-buffer-2.1.2.tgz",
      "integrity": "sha512-YZo3K82SD7Riyi0E1EQPojLz7kpepnSQI9IyPbHHg1XXXevb5dJI7tpyN2ADxGcQbHG7vcyRHk0cbwqcQriUtg=="
    },
    "sax": {
      "version": "1.2.4",
      "resolved": "https://registry.npmjs.org/sax/-/sax-1.2.4.tgz",
      "integrity": "sha512-NqVDv9TpANUjFm0N8uM5GxL36UgKi9/atZw+x7YFnQ8ckwFGKrl4xX4yWtrey3UJm5nP1kUbnYgLopqWNSRhWw=="
    },
    "ssh2": {
      "version": "0.8.3",
      "resolved": "https://registry.npmjs.org/ssh2/-/ssh2-0.8.3.tgz",
      "integrity": "sha512-E+dcyMK9yMHeXyG8BkgQvNV7HX7dZ0WW01nZ9pkLnHtdQKhzOE5TbP+seFuun6/rK8LeGc+rPkhX6wbMSyRqpw==",
      "requires": {
        "ssh2-streams": "~0.4.3"
      }
    },
    "ssh2-sftp-client": {
      "version": "2.5.0",
      "resolved": "https://registry.npmjs.org/ssh2-sftp-client/-/ssh2-sftp-client-2.5.0.tgz",
      "integrity": "sha512-faPgWQF0UF1jkZ7rw1Sp4xuCRLJqJ81TDqckcluUA8wT6AKSkjhb/538RdliHNGUeCY9pYESTuoOBly3facX0g==",
      "requires": {
        "concat-stream": "^2.0.0",
        "ssh2": "^0.8.2"
      }
    },
    "ssh2-streams": {
      "version": "0.4.3",
      "resolved": "https://registry.npmjs.org/ssh2-streams/-/ssh2-streams-0.4.3.tgz",
      "integrity": "sha512-gX0ZcoZPe7DuhwKxhWKWgH634niTqempu4j3YkJs+Itqpj7TEctHkQt8xyuPqEOsJaU8Au/SLrRurG2osIufYQ==",
      "requires": {
        "asn1": "~0.2.0",
        "bcrypt-pbkdf": "^1.0.2",
        "streamsearch": "~0.1.2"
      }
    },
    "streamsearch": {
      "version": "0.1.2",
      "resolved": "https://registry.npmjs.org/streamsearch/-/streamsearch-0.1.2.tgz",
      "integrity": "sha1-gIudDlb8Jz2Am6VzOOkpkZoanxo="
    },
    "string_decoder": {
      "version": "1.2.0",
      "resolved": "https://registry.npmjs.org/string_decoder/-/string_decoder-1.2.0.tgz",
      "integrity": "sha512-6YqyX6ZWEYguAxgZzHGL7SsCeGx3V2TtOTqZz1xSTSWnqsbWwbptafNyvf/ACquZUXV3DANr5BDIwNYe1mN42w==",
      "requires": {
        "safe-buffer": "~5.1.0"
      }
    },
    "tweetnacl": {
      "version": "0.14.5",
      "resolved": "https://registry.npmjs.org/tweetnacl/-/tweetnacl-0.14.5.tgz",
      "integrity": "sha1-WuaBd/GS1EViadEIr6k/+HQ/T2Q="
    },
    "typedarray": {
      "version": "0.0.6",
      "resolved": "https://registry.npmjs.org/typedarray/-/typedarray-0.0.6.tgz",
      "integrity": "sha1-hnrHTjhkGHsdPUfZlqeOxciDB3c="
    },
    "util-deprecate": {
      "version": "1.0.2",
      "resolved": "https://registry.npmjs.org/util-deprecate/-/util-deprecate-1.0.2.tgz",
      "integrity": "sha1-RQ1Nyfpw3nMnYvvS1KKJgUGaDM8="
    },
    "xml-js": {
      "version": "1.6.11",
      "resolved": "https://registry.npmjs.org/xml-js/-/xml-js-1.6.11.tgz",
      "integrity": "sha512-7rVi2KMfwfWFl+GpPg6m80IVMWXLRjO+PxTq7V2CDhoGak0wzYzFgUY2m4XJ47OGdXd8eLE8EmwfAmdjw7lC1g==",
      "requires": {
        "sax": "^1.2.4"
      }
    }
  }
}
