# THIS IS AN AUTOGENERATED FILE. DO NOT EDIT THIS FILE DIRECTLY.
# yarn lockfile v1


"@types/long@~5.0.0":
  version "5.0.0"
  resolved "https://registry.npmjs.org/@types/long/-/long-5.0.0.tgz"
  integrity sha512-eQs9RsucA/LNjnMoJvWG/nXa7Pot/RbBzilF/QRIU/xRl+0ApxrSUFsV5lmf01SvSlqMzJ7Zwxe440wmz2SJGA==
  dependencies:
    long "*"

"@types/node@>=8":
  version "22.0.0"
  resolved "https://registry.npmjs.org/@types/node/-/node-22.0.0.tgz"
  integrity sha512-VT7KSYudcPOzP5Q0wfbowyNLaVR8QWUdw+088uFWwfvpY6uCWaXpqV6ieLAu9WBcnTa7H4Z5RLK8I5t2FuOcqw==
  dependencies:
    undici-types "~6.11.1"

adm-zip@~0.5.10:
  version "0.5.14"
  resolved "https://registry.npmjs.org/adm-zip/-/adm-zip-0.5.14.tgz"
  integrity sha512-DnyqqifT4Jrcvb8USYjp6FHtBpEIz1mnXu6pTRHZ0RL69LbQYiO+0lDFg5+OKA7U29oWSs3a/i8fhn8ZcceIWg==

cassandra-driver@^4.7.2:
  version "4.7.2"
  resolved "https://registry.npmjs.org/cassandra-driver/-/cassandra-driver-4.7.2.tgz"
  integrity sha512-gwl1DeYvL8Wy3i1GDMzFtpUg5G473fU7EnHFZj7BUtdLB7loAfgZgB3zBhROc9fbaDSUDs6YwOPPojS5E1kbSA==
  dependencies:
    "@types/long" "~5.0.0"
    "@types/node" ">=8"
    adm-zip "~0.5.10"
    long "~5.2.3"

ical.js@^2.2.0:
  version "2.2.0"
  resolved "https://registry.npmjs.org/ical.js/-/ical.js-2.2.0.tgz"
  integrity sha512-P8gjWkTEd5M/SEEvBVPPO/KC+V+HRNRZh3xfCDTVWmUTEfVbL8JaK5GTWS2MJ55aLMhfXhbh7kYzd0nrBARjsA==

long@*, long@~5.2.3:
  version "5.2.3"
  resolved "https://registry.npmjs.org/long/-/long-5.2.3.tgz"
  integrity sha512-lcHwpNoggQTObv5apGNCTdJrO69eHOZMi4BNC+rTLER8iHAqGrUVeLh/irVIM7zTw2bOXA8T6uNPeujwOLg/2Q==

undici-types@~6.11.1:
  version "6.11.1"
  resolved "https://registry.npmjs.org/undici-types/-/undici-types-6.11.1.tgz"
  integrity sha512-mIDEX2ek50x0OlRgxryxsenE5XaQD4on5U2inY7RApK3SOJpofyw7uW2AyfMKkhAxXIceo2DeWGVGwyvng1GNQ==
