# THIS IS AN AUTOGENERATED FILE. DO NOT EDIT THIS FILE DIRECTLY.
# yarn lockfile v1


datez@0.0.7:
  version "0.0.7"
  resolved "https://registry.yarnpkg.com/datez/-/datez-0.0.7.tgz#8cb1df78e6eef4b57b3cd9611257a957529b911e"
  integrity sha512-r6Nr29nROX54OzZ8oosRSXzqRR2xpPIu8tdRsWnBitj7QYKpwUZz33h6q0zf64KDfopBozrmNbx/TsMLGCM4cg==
  dependencies:
    timezone-soft "1.4.1"

ical-js-parser@^0.7.4:
  version "0.7.4"
  resolved "https://registry.yarnpkg.com/ical-js-parser/-/ical-js-parser-0.7.4.tgz#343ad3331b72d10dc45d7062b0e937d0113962c4"
  integrity sha512-8eI+xp+kIbMdozFoGjtDQPQkjYQNYY8D4LzGkCLJiSgwpxFio2gUKjtCuKpzvglIzpXy7GBSEQ/ekwRRInpmlA==
  dependencies:
    datez "0.0.7"
    luxon "3.1.1"

luxon@3.1.1:
  version "3.1.1"
  resolved "https://registry.yarnpkg.com/luxon/-/luxon-3.1.1.tgz#b492c645b2474fb86f3bd3283213846b99c32c1e"
  integrity sha512-Ah6DloGmvseB/pX1cAmjbFvyU/pKuwQMQqz7d0yvuDlVYLTs2WeDHQMpC8tGjm1da+BriHROW/OEIT/KfYg6xw==

timezone-soft@1.4.1:
  version "1.4.1"
  resolved "https://registry.yarnpkg.com/timezone-soft/-/timezone-soft-1.4.1.tgz#854eb224545645d9ddad8bcd09144522b0652156"
  integrity sha512-AnKhVnQmOjKHhdQXXe7cO7MyRGIHEGzedax4Y2N7nOr9dOYEFEBkWFJJwJTvPQvXsEtbWfa6xJj34iZKdC+W+g==
